
Microsoft Visual Studio Solution File, Format Version 12.00
# Visual Studio Version 16
VisualStudioVersion = 16.0.29102.190
MinimumVisualStudioVersion = 15.0.26124.0
Project("{9A19103F-16F7-4668-BE54-9A1E7A4F7556}") = "sayit", "sayit\sayit.csproj", "{4DA23C4D-712F-4B11-A30D-A3A7442C8AC3}"
EndProject
Project("{9A19103F-16F7-4668-BE54-9A1E7A4F7556}") = "sayit.test", "sayit.test\sayit.test.csproj", "{924B3335-F88D-4010-86E4-519EA5D7E72E}"
EndProject
Project("{9A19103F-16F7-4668-BE54-9A1E7A4F7556}") = "sayit.bench", "sayit.bench\sayit.bench.csproj", "{F2F517AA-9F9B-4BA8-9019-10675D2E913E}"
EndProject
Project("{2150E333-8FDC-42A3-9474-1A3956D46DE8}") = "Solution Items", "Solution Items", "{1D1A7806-7DB8-42DB-9A82-8FBC1DAF3F81}"
	ProjectSection(SolutionItems) = preProject
		readme.md = readme.md
	EndProjectSection
EndProject
Project("{9A19103F-16F7-4668-BE54-9A1E7A4F7556}") = "LookAndSee.Core", "..\LookAndSee\LookAndSee.Core\LookAndSee.Core.csproj", "{C957A950-5310-47A5-A898-E184F9837BD9}"
EndProject
Project("{6EC3EE1D-3C4E-46DD-8F32-0CC8E7565705}") = "Katas.LookAndSay", "..\Katas.LookAndSay\Katas.LookAndSay\Katas.LookAndSay.fsproj", "{66B92150-3EF4-43D6-90C9-9A9BD5CF3B22}"
EndProject
Global
	GlobalSection(SolutionConfigurationPlatforms) = preSolution
		Debug|Any CPU = Debug|Any CPU
		Debug|x64 = Debug|x64
		Debug|x86 = Debug|x86
		Release|Any CPU = Release|Any CPU
		Release|x64 = Release|x64
		Release|x86 = Release|x86
	EndGlobalSection
	GlobalSection(ProjectConfigurationPlatforms) = postSolution
		{4DA23C4D-712F-4B11-A30D-A3A7442C8AC3}.Debug|Any CPU.ActiveCfg = Debug|Any CPU
		{4DA23C4D-712F-4B11-A30D-A3A7442C8AC3}.Debug|Any CPU.Build.0 = Debug|Any CPU
		{4DA23C4D-712F-4B11-A30D-A3A7442C8AC3}.Debug|x64.ActiveCfg = Debug|Any CPU
		{4DA23C4D-712F-4B11-A30D-A3A7442C8AC3}.Debug|x64.Build.0 = Debug|Any CPU
		{4DA23C4D-712F-4B11-A30D-A3A7442C8AC3}.Debug|x86.ActiveCfg = Debug|Any CPU
		{4DA23C4D-712F-4B11-A30D-A3A7442C8AC3}.Debug|x86.Build.0 = Debug|Any CPU
		{4DA23C4D-712F-4B11-A30D-A3A7442C8AC3}.Release|Any CPU.ActiveCfg = Release|Any CPU
		{4DA23C4D-712F-4B11-A30D-A3A7442C8AC3}.Release|Any CPU.Build.0 = Release|Any CPU
		{4DA23C4D-712F-4B11-A30D-A3A7442C8AC3}.Release|x64.ActiveCfg = Release|Any CPU
		{4DA23C4D-712F-4B11-A30D-A3A7442C8AC3}.Release|x64.Build.0 = Release|Any CPU
		{4DA23C4D-712F-4B11-A30D-A3A7442C8AC3}.Release|x86.ActiveCfg = Release|Any CPU
		{4DA23C4D-712F-4B11-A30D-A3A7442C8AC3}.Release|x86.Build.0 = Release|Any CPU
		{924B3335-F88D-4010-86E4-519EA5D7E72E}.Debug|Any CPU.ActiveCfg = Debug|Any CPU
		{924B3335-F88D-4010-86E4-519EA5D7E72E}.Debug|Any CPU.Build.0 = Debug|Any CPU
		{924B3335-F88D-4010-86E4-519EA5D7E72E}.Debug|x64.ActiveCfg = Debug|Any CPU
		{924B3335-F88D-4010-86E4-519EA5D7E72E}.Debug|x64.Build.0 = Debug|Any CPU
		{924B3335-F88D-4010-86E4-519EA5D7E72E}.Debug|x86.ActiveCfg = Debug|Any CPU
		{924B3335-F88D-4010-86E4-519EA5D7E72E}.Debug|x86.Build.0 = Debug|Any CPU
		{924B3335-F88D-4010-86E4-519EA5D7E72E}.Release|Any CPU.ActiveCfg = Release|Any CPU
		{924B3335-F88D-4010-86E4-519EA5D7E72E}.Release|Any CPU.Build.0 = Release|Any CPU
		{924B3335-F88D-4010-86E4-519EA5D7E72E}.Release|x64.ActiveCfg = Release|Any CPU
		{924B3335-F88D-4010-86E4-519EA5D7E72E}.Release|x64.Build.0 = Release|Any CPU
		{924B3335-F88D-4010-86E4-519EA5D7E72E}.Release|x86.ActiveCfg = Release|Any CPU
		{924B3335-F88D-4010-86E4-519EA5D7E72E}.Release|x86.Build.0 = Release|Any CPU
		{F2F517AA-9F9B-4BA8-9019-10675D2E913E}.Debug|Any CPU.ActiveCfg = Debug|Any CPU
		{F2F517AA-9F9B-4BA8-9019-10675D2E913E}.Debug|Any CPU.Build.0 = Debug|Any CPU
		{F2F517AA-9F9B-4BA8-9019-10675D2E913E}.Debug|x64.ActiveCfg = Debug|Any CPU
		{F2F517AA-9F9B-4BA8-9019-10675D2E913E}.Debug|x64.Build.0 = Debug|Any CPU
		{F2F517AA-9F9B-4BA8-9019-10675D2E913E}.Debug|x86.ActiveCfg = Debug|Any CPU
		{F2F517AA-9F9B-4BA8-9019-10675D2E913E}.Debug|x86.Build.0 = Debug|Any CPU
		{F2F517AA-9F9B-4BA8-9019-10675D2E913E}.Release|Any CPU.ActiveCfg = Release|Any CPU
		{F2F517AA-9F9B-4BA8-9019-10675D2E913E}.Release|Any CPU.Build.0 = Release|Any CPU
		{F2F517AA-9F9B-4BA8-9019-10675D2E913E}.Release|x64.ActiveCfg = Release|Any CPU
		{F2F517AA-9F9B-4BA8-9019-10675D2E913E}.Release|x64.Build.0 = Release|Any CPU
		{F2F517AA-9F9B-4BA8-9019-10675D2E913E}.Release|x86.ActiveCfg = Release|Any CPU
		{F2F517AA-9F9B-4BA8-9019-10675D2E913E}.Release|x86.Build.0 = Release|Any CPU
		{C957A950-5310-47A5-A898-E184F9837BD9}.Debug|Any CPU.ActiveCfg = Debug|Any CPU
		{C957A950-5310-47A5-A898-E184F9837BD9}.Debug|Any CPU.Build.0 = Debug|Any CPU
		{C957A950-5310-47A5-A898-E184F9837BD9}.Debug|x64.ActiveCfg = Debug|Any CPU
		{C957A950-5310-47A5-A898-E184F9837BD9}.Debug|x64.Build.0 = Debug|Any CPU
		{C957A950-5310-47A5-A898-E184F9837BD9}.Debug|x86.ActiveCfg = Debug|Any CPU
		{C957A950-5310-47A5-A898-E184F9837BD9}.Debug|x86.Build.0 = Debug|Any CPU
		{C957A950-5310-47A5-A898-E184F9837BD9}.Release|Any CPU.ActiveCfg = Release|Any CPU
		{C957A950-5310-47A5-A898-E184F9837BD9}.Release|Any CPU.Build.0 = Release|Any CPU
		{C957A950-5310-47A5-A898-E184F9837BD9}.Release|x64.ActiveCfg = Release|Any CPU
		{C957A950-5310-47A5-A898-E184F9837BD9}.Release|x64.Build.0 = Release|Any CPU
		{C957A950-5310-47A5-A898-E184F9837BD9}.Release|x86.ActiveCfg = Release|Any CPU
		{C957A950-5310-47A5-A898-E184F9837BD9}.Release|x86.Build.0 = Release|Any CPU
		{66B92150-3EF4-43D6-90C9-9A9BD5CF3B22}.Debug|Any CPU.ActiveCfg = Debug|Any CPU
		{66B92150-3EF4-43D6-90C9-9A9BD5CF3B22}.Debug|Any CPU.Build.0 = Debug|Any CPU
		{66B92150-3EF4-43D6-90C9-9A9BD5CF3B22}.Debug|x64.ActiveCfg = Debug|Any CPU
		{66B92150-3EF4-43D6-90C9-9A9BD5CF3B22}.Debug|x64.Build.0 = Debug|Any CPU
		{66B92150-3EF4-43D6-90C9-9A9BD5CF3B22}.Debug|x86.ActiveCfg = Debug|Any CPU
		{66B92150-3EF4-43D6-90C9-9A9BD5CF3B22}.Debug|x86.Build.0 = Debug|Any CPU
		{66B92150-3EF4-43D6-90C9-9A9BD5CF3B22}.Release|Any CPU.ActiveCfg = Release|Any CPU
		{66B92150-3EF4-43D6-90C9-9A9BD5CF3B22}.Release|Any CPU.Build.0 = Release|Any CPU
		{66B92150-3EF4-43D6-90C9-9A9BD5CF3B22}.Release|x64.ActiveCfg = Release|Any CPU
		{66B92150-3EF4-43D6-90C9-9A9BD5CF3B22}.Release|x64.Build.0 = Release|Any CPU
		{66B92150-3EF4-43D6-90C9-9A9BD5CF3B22}.Release|x86.ActiveCfg = Release|Any CPU
		{66B92150-3EF4-43D6-90C9-9A9BD5CF3B22}.Release|x86.Build.0 = Release|Any CPU
	EndGlobalSection
	GlobalSection(SolutionProperties) = preSolution
		HideSolutionNode = FALSE
	EndGlobalSection
	GlobalSection(ExtensibilityGlobals) = postSolution
		SolutionGuid = {3D4FA11C-8252-414B-859C-8EFD04251B0C}
	EndGlobalSection
EndGlobal
